
Microsoft Visual Studio Solution File, Format Version 12.00
# Visual Studio Version 17
VisualStudioVersion = 17.5.002.0
MinimumVisualStudioVersion = 10.0.40219.1
Project("{2150E333-8FDC-42A3-9474-1A3956D46DE8}") = "S3Uploader", "S3Uploader", "{EC45649D-36F6-4662-961D-2FE338602B86}"
EndProject
Project("{9A19103F-16F7-4668-BE54-9A1E7A4F7556}") = "S3Uploader", "S3Uploader\S3Uploader\S3Uploader.csproj", "{BE113C01-520A-4FEE-8C9D-9F259673A564}"
EndProject
Global
	GlobalSection(SolutionConfigurationPlatforms) = preSolution
		Debug|Any CPU = Debug|Any CPU
		Release|Any CPU = Release|Any CPU
	EndGlobalSection
	GlobalSection(ProjectConfigurationPlatforms) = postSolution
		{BE113C01-520A-4FEE-8C9D-9F259673A564}.Debug|Any CPU.ActiveCfg = Debug|Any CPU
		{BE113C01-520A-4FEE-8C9D-9F259673A564}.Debug|Any CPU.Build.0 = Debug|Any CPU
		{BE113C01-520A-4FEE-8C9D-9F259673A564}.Release|Any CPU.ActiveCfg = Release|Any CPU
		{BE113C01-520A-4FEE-8C9D-9F259673A564}.Release|Any CPU.Build.0 = Release|Any CPU
	EndGlobalSection
	GlobalSection(SolutionProperties) = preSolution
		HideSolutionNode = FALSE
	EndGlobalSection
	GlobalSection(NestedProjects) = preSolution
		{BE113C01-520A-4FEE-8C9D-9F259673A564} = {EC45649D-36F6-4662-961D-2FE338602B86}
	EndGlobalSection
	GlobalSection(ExtensibilityGlobals) = postSolution
		SolutionGuid = {CE9BA73E-2AEE-4E0D-A862-0BF206D58AA7}
	EndGlobalSection
EndGlobal
